
Microsoft Visual Studio Solution File, Format Version 12.00
# Visual Studio Version 16
VisualStudioVersion = 16.0.30128.74
MinimumVisualStudioVersion = 10.0.40219.1
Project("{FAE04EC0-301F-11D3-BF4B-00C04F79EFBC}") = "Patch_Dataloader", "Patch_Downloader\Patch_Dataloader.csproj", "{A03D278C-4B79-41E0-8567-BA6BF41B76DE}"
EndProject
Project("{54435603-DBB4-11D2-8724-00A0C9A8B90C}") = "Huinno_Patch_Dataloader", "Huinno_Patch_Downloader\Huinno_Patch_Downloader.vdproj", "{523DC7EA-B29A-4A75-AA07-2C88B0E1FAB1}"
EndProject
Project("{9A19103F-16F7-4668-BE54-9A1E7A4F7556}") = "SetupDriver", "SetupDriver\SetupDriver.csproj", "{67BDD0E3-65D6-4919-B682-110F3C2F15E8}"
EndProject
Global
	GlobalSection(SolutionConfigurationPlatforms) = preSolution
		Debug|Any CPU = Debug|Any CPU
		Release|Any CPU = Release|Any CPU
	EndGlobalSection
	GlobalSection(ProjectConfigurationPlatforms) = postSolution
		{A03D278C-4B79-41E0-8567-BA6BF41B76DE}.Debug|Any CPU.ActiveCfg = Debug|Any CPU
		{A03D278C-4B79-41E0-8567-BA6BF41B76DE}.Debug|Any CPU.Build.0 = Debug|Any CPU
		{A03D278C-4B79-41E0-8567-BA6BF41B76DE}.Release|Any CPU.ActiveCfg = Release|Any CPU
		{A03D278C-4B79-41E0-8567-BA6BF41B76DE}.Release|Any CPU.Build.0 = Release|Any CPU
		{523DC7EA-B29A-4A75-AA07-2C88B0E1FAB1}.Debug|Any CPU.ActiveCfg = Debug
		{523DC7EA-B29A-4A75-AA07-2C88B0E1FAB1}.Release|Any CPU.ActiveCfg = Release
		{67BDD0E3-65D6-4919-B682-110F3C2F15E8}.Debug|Any CPU.ActiveCfg = Debug|Any CPU
		{67BDD0E3-65D6-4919-B682-110F3C2F15E8}.Debug|Any CPU.Build.0 = Debug|Any CPU
		{67BDD0E3-65D6-4919-B682-110F3C2F15E8}.Release|Any CPU.ActiveCfg = Release|Any CPU
		{67BDD0E3-65D6-4919-B682-110F3C2F15E8}.Release|Any CPU.Build.0 = Release|Any CPU
	EndGlobalSection
	GlobalSection(SolutionProperties) = preSolution
		HideSolutionNode = FALSE
	EndGlobalSection
	GlobalSection(ExtensibilityGlobals) = postSolution
		SolutionGuid = {79B44555-A6ED-4DA7-B9ED-4ECC84005258}
	EndGlobalSection
EndGlobal
